
Microsoft Visual Studio Solution File, Format Version 12.00
# Visual Studio Version 17
VisualStudioVersion = 17.11.35327.3
MinimumVisualStudioVersion = 10.0.40219.1
Project("{FAE04EC0-301F-11D3-BF4B-00C04F79EFBC}") = "LauFitnessApp", "LauFitnessApp\LauFitnessApp.csproj", "{EF0FE733-5291-43D8-B790-F1BAB05EFEBF}"
EndProject
Project("{FAE04EC0-301F-11D3-BF4B-00C04F79EFBC}") = "DataAcces", "DataAcces\DataAcces.csproj", "{944CBA36-BDCF-4AAD-8D8F-09BB1C6F4DE4}"
EndProject
Global
	GlobalSection(SolutionConfigurationPlatforms) = preSolution
		Debug|Any CPU = Debug|Any CPU
		Release|Any CPU = Release|Any CPU
	EndGlobalSection
	GlobalSection(ProjectConfigurationPlatforms) = postSolution
		{EF0FE733-5291-43D8-B790-F1BAB05EFEBF}.Debug|Any CPU.ActiveCfg = Debug|Any CPU
		{EF0FE733-5291-43D8-B790-F1BAB05EFEBF}.Debug|Any CPU.Build.0 = Debug|Any CPU
		{EF0FE733-5291-43D8-B790-F1BAB05EFEBF}.Debug|Any CPU.Deploy.0 = Debug|Any CPU
		{EF0FE733-5291-43D8-B790-F1BAB05EFEBF}.Release|Any CPU.ActiveCfg = Release|Any CPU
		{EF0FE733-5291-43D8-B790-F1BAB05EFEBF}.Release|Any CPU.Build.0 = Release|Any CPU
		{EF0FE733-5291-43D8-B790-F1BAB05EFEBF}.Release|Any CPU.Deploy.0 = Release|Any CPU
		{944CBA36-BDCF-4AAD-8D8F-09BB1C6F4DE4}.Debug|Any CPU.ActiveCfg = Debug|Any CPU
		{944CBA36-BDCF-4AAD-8D8F-09BB1C6F4DE4}.Debug|Any CPU.Build.0 = Debug|Any CPU
		{944CBA36-BDCF-4AAD-8D8F-09BB1C6F4DE4}.Release|Any CPU.ActiveCfg = Release|Any CPU
		{944CBA36-BDCF-4AAD-8D8F-09BB1C6F4DE4}.Release|Any CPU.Build.0 = Release|Any CPU
	EndGlobalSection
	GlobalSection(SolutionProperties) = preSolution
		HideSolutionNode = FALSE
	EndGlobalSection
	GlobalSection(ExtensibilityGlobals) = postSolution
		SolutionGuid = {AF9CF33F-AFCA-40B8-9F68-E0A47850005B}
	EndGlobalSection
EndGlobal
